// !$*UTF8*$!
{
	archiveVersion = 1;
	classes = {
	};
	objectVersion = 51;
	objects = {

/* Begin PBXBuildFile section */
		9A8B12FA108C8AEBF2CDD669 /* Pods_Nospresso.framework in Frameworks */ = {isa = PBXBuildFile; fileRef = DCF274B646CCBB84109EA08E /* Pods_Nospresso.framework */; };
		AD6A11DBD19EE7299938A86C /* Pods_NospressoTests.framework in Frameworks */ = {isa = PBXBuildFile; fileRef = 4EAF8598843846CCE852144D /* Pods_NospressoTests.framework */; };
		F121A60A254A1CEA007C2F4C /* AcessoriosTableViewController.swift in Sources */ = {isa = PBXBuildFile; fileRef = F121A609254A1CEA007C2F4C /* AcessoriosTableViewController.swift */; };
		F12CF41B254794AF00CF1558 /* FavoritosViewController.swift in Sources */ = {isa = PBXBuildFile; fileRef = F12CF41A254794AF00CF1558 /* FavoritosViewController.swift */; };
		F12D41C5254A256500F04BAB /* AcessorioTableViewCell.swift in Sources */ = {isa = PBXBuildFile; fileRef = F12D41C4254A256500F04BAB /* AcessorioTableViewCell.swift */; };
		F1475A122544508300D85041 /* DetalheProdutoModalViewController.swift in Sources */ = {isa = PBXBuildFile; fileRef = F1475A102544508300D85041 /* DetalheProdutoModalViewController.swift */; };
		F1475A132544508300D85041 /* DetalheProdutoModalViewController.xib in Resources */ = {isa = PBXBuildFile; fileRef = F1475A112544508300D85041 /* DetalheProdutoModalViewController.xib */; };
		F1475A152544573500D85041 /* Produto.swift in Sources */ = {isa = PBXBuildFile; fileRef = F1475A142544573500D85041 /* Produto.swift */; };
		F1475A1C25445E4900D85041 /* CarregamentoViewController.swift in Sources */ = {isa = PBXBuildFile; fileRef = F1475A1A25445E4900D85041 /* CarregamentoViewController.swift */; };
		F1475A1D25445E4900D85041 /* CarregamentoViewController.xib in Resources */ = {isa = PBXBuildFile; fileRef = F1475A1B25445E4900D85041 /* CarregamentoViewController.xib */; };
		F1475A1F2544604C00D85041 /* CarregamentoViewType.swift in Sources */ = {isa = PBXBuildFile; fileRef = F1475A1E2544604C00D85041 /* CarregamentoViewType.swift */; };
		F1475A22254466B500D85041 /* Favoritos.swift in Sources */ = {isa = PBXBuildFile; fileRef = F1475A21254466B500D85041 /* Favoritos.swift */; };
		F1475A242544695A00D85041 /* Favorito.swift in Sources */ = {isa = PBXBuildFile; fileRef = F1475A232544695A00D85041 /* Favorito.swift */; };
		F1475A262544752400D85041 /* FavoritoTableViewCell.swift in Sources */ = {isa = PBXBuildFile; fileRef = F1475A252544752400D85041 /* FavoritoTableViewCell.swift */; };
		F14C8B3E253B167E001255AE /* MenuProdutosViewController.swift in Sources */ = {isa = PBXBuildFile; fileRef = F14C8B3D253B167E001255AE /* MenuProdutosViewController.swift */; };
		F14C8B41253B1E45001255AE /* UIViewController+Barbadas.swift in Sources */ = {isa = PBXBuildFile; fileRef = F14C8B40253B1E45001255AE /* UIViewController+Barbadas.swift */; };
		F14C8B44253B2E91001255AE /* R.generated.swift in Sources */ = {isa = PBXBuildFile; fileRef = F14C8B43253B2E91001255AE /* R.generated.swift */; };
		F14C8B46253B2F3C001255AE /* Pseudonimos.swift in Sources */ = {isa = PBXBuildFile; fileRef = F14C8B45253B2F3C001255AE /* Pseudonimos.swift */; };
		F14C8B4A253B30E6001255AE /* CategoriaDeCafeHeaderView.swift in Sources */ = {isa = PBXBuildFile; fileRef = F14C8B49253B30E6001255AE /* CategoriaDeCafeHeaderView.swift */; };
		F14C8B4C253B312E001255AE /* CategoriaDeCafeHeaderView.xib in Resources */ = {isa = PBXBuildFile; fileRef = F14C8B4B253B312E001255AE /* CategoriaDeCafeHeaderView.xib */; };
		F14C8B4E253B3C2D001255AE /* UIImageView+CarregarImagem.swift in Sources */ = {isa = PBXBuildFile; fileRef = F14C8B4D253B3C2D001255AE /* UIImageView+CarregarImagem.swift */; };
		F15BDD15253FA7A600127872 /* Double+Dinheiros.swift in Sources */ = {isa = PBXBuildFile; fileRef = F15BDD14253FA7A600127872 /* Double+Dinheiros.swift */; };
		F18CB9CE253F76B700CEDA4A /* DetalheCafeViewController.swift in Sources */ = {isa = PBXBuildFile; fileRef = F18CB9CD253F76B600CEDA4A /* DetalheCafeViewController.swift */; };
		F18CB9D1253F811B00CEDA4A /* ContadorIntensidadeStackView.swift in Sources */ = {isa = PBXBuildFile; fileRef = F18CB9D0253F811B00CEDA4A /* ContadorIntensidadeStackView.swift */; };
		F18CB9D3253F877500CEDA4A /* DetalheCafePresenter.swift in Sources */ = {isa = PBXBuildFile; fileRef = F18CB9D2253F877500CEDA4A /* DetalheCafePresenter.swift */; };
		F18CB9D5253F87F500CEDA4A /* DetalheCafe+Protocolo.swift in Sources */ = {isa = PBXBuildFile; fileRef = F18CB9D4253F87F500CEDA4A /* DetalheCafe+Protocolo.swift */; };
		F19D24A92536390300FA7B4F /* AppDelegate.swift in Sources */ = {isa = PBXBuildFile; fileRef = F19D24A82536390300FA7B4F /* AppDelegate.swift */; };
		F19D24AB2536390300FA7B4F /* SceneDelegate.swift in Sources */ = {isa = PBXBuildFile; fileRef = F19D24AA2536390300FA7B4F /* SceneDelegate.swift */; };
		F19D24AD2536390300FA7B4F /* ViewController.swift in Sources */ = {isa = PBXBuildFile; fileRef = F19D24AC2536390300FA7B4F /* ViewController.swift */; };
		F19D24B02536390300FA7B4F /* Main.storyboard in Resources */ = {isa = PBXBuildFile; fileRef = F19D24AE2536390300FA7B4F /* Main.storyboard */; };
		F19D24B22536390500FA7B4F /* Assets.xcassets in Resources */ = {isa = PBXBuildFile; fileRef = F19D24B12536390500FA7B4F /* Assets.xcassets */; };
		F19D24B52536390500FA7B4F /* LaunchScreen.storyboard in Resources */ = {isa = PBXBuildFile; fileRef = F19D24B32536390500FA7B4F /* LaunchScreen.storyboard */; };
		F19D24C02536390500FA7B4F /* NospressoTests.swift in Sources */ = {isa = PBXBuildFile; fileRef = F19D24BF2536390500FA7B4F /* NospressoTests.swift */; };
		F19D24CB2536390500FA7B4F /* NospressoUITests.swift in Sources */ = {isa = PBXBuildFile; fileRef = F19D24CA2536390500FA7B4F /* NospressoUITests.swift */; };
		F19D24DA2536582600FA7B4F /* CategoriaCafe.swift in Sources */ = {isa = PBXBuildFile; fileRef = F19D24D92536582600FA7B4F /* CategoriaCafe.swift */; };
		F19D24DC2536587B00FA7B4F /* Cafe.swift in Sources */ = {isa = PBXBuildFile; fileRef = F19D24DB2536587B00FA7B4F /* Cafe.swift */; };
		F19D24E12536591200FA7B4F /* Api.swift in Sources */ = {isa = PBXBuildFile; fileRef = F19D24E02536591200FA7B4F /* Api.swift */; };
		F19D24E32536593E00FA7B4F /* Endpoint.swift in Sources */ = {isa = PBXBuildFile; fileRef = F19D24E22536593E00FA7B4F /* Endpoint.swift */; };
		F19D24E525365D1300FA7B4F /* Item.swift in Sources */ = {isa = PBXBuildFile; fileRef = F19D24E425365D1300FA7B4F /* Item.swift */; };
		F19D24E725365D6B00FA7B4F /* Acessorio.swift in Sources */ = {isa = PBXBuildFile; fileRef = F19D24E625365D6B00FA7B4F /* Acessorio.swift */; };
		F19D24E925365DAD00FA7B4F /* Maquina.swift in Sources */ = {isa = PBXBuildFile; fileRef = F19D24E825365DAD00FA7B4F /* Maquina.swift */; };
		F1B8FF8425421BE000F31E48 /* MedidaView.swift in Sources */ = {isa = PBXBuildFile; fileRef = F1B8FF8325421BE000F31E48 /* MedidaView.swift */; };
		F1B8FF8625421C0500F31E48 /* MedidaView.xib in Resources */ = {isa = PBXBuildFile; fileRef = F1B8FF8525421C0500F31E48 /* MedidaView.xib */; };
		F1B8FF8A2542271700F31E48 /* MaquinasViewController.swift in Sources */ = {isa = PBXBuildFile; fileRef = F1B8FF882542271700F31E48 /* MaquinasViewController.swift */; };
		F1B8FF8B2542271700F31E48 /* MaquinasViewController.xib in Resources */ = {isa = PBXBuildFile; fileRef = F1B8FF892542271700F31E48 /* MaquinasViewController.xib */; };
		F1B8FF8F25422B6C00F31E48 /* MaquinaCollectionViewCell.swift in Sources */ = {isa = PBXBuildFile; fileRef = F1B8FF8D25422B6C00F31E48 /* MaquinaCollectionViewCell.swift */; };
		F1B8FF9025422B6C00F31E48 /* MaquinaCollectionViewCell.xib in Resources */ = {isa = PBXBuildFile; fileRef = F1B8FF8E25422B6C00F31E48 /* MaquinaCollectionViewCell.xib */; };
		F1B8FF9225422E5000F31E48 /* MaquinasProtocolos.swift in Sources */ = {isa = PBXBuildFile; fileRef = F1B8FF9125422E5000F31E48 /* MaquinasProtocolos.swift */; };
		F1B8FF9425422EB800F31E48 /* MaquinasPresenter.swift in Sources */ = {isa = PBXBuildFile; fileRef = F1B8FF9325422EB800F31E48 /* MaquinasPresenter.swift */; };
		F1C232A32538EAC000A3DD78 /* OpenSans-SemiBoldItalic.ttf in Resources */ = {isa = PBXBuildFile; fileRef = F1C232992538EABF00A3DD78 /* OpenSans-SemiBoldItalic.ttf */; };
		F1C232A42538EAC000A3DD78 /* OpenSans-Regular.ttf in Resources */ = {isa = PBXBuildFile; fileRef = F1C2329A2538EAC000A3DD78 /* OpenSans-Regular.ttf */; };
		F1C232A52538EAC000A3DD78 /* OpenSans-LightItalic.ttf in Resources */ = {isa = PBXBuildFile; fileRef = F1C2329B2538EAC000A3DD78 /* OpenSans-LightItalic.ttf */; };
		F1C232A62538EAC000A3DD78 /* OpenSans-ExtraBoldItalic.ttf in Resources */ = {isa = PBXBuildFile; fileRef = F1C2329C2538EAC000A3DD78 /* OpenSans-ExtraBoldItalic.ttf */; };
		F1C232A72538EAC000A3DD78 /* OpenSans-SemiBold.ttf in Resources */ = {isa = PBXBuildFile; fileRef = F1C2329D2538EAC000A3DD78 /* OpenSans-SemiBold.ttf */; };
		F1C232A82538EAC000A3DD78 /* OpenSans-Light.ttf in Resources */ = {isa = PBXBuildFile; fileRef = F1C2329E2538EAC000A3DD78 /* OpenSans-Light.ttf */; };
		F1C232A92538EAC000A3DD78 /* OpenSans-ExtraBold.ttf in Resources */ = {isa = PBXBuildFile; fileRef = F1C2329F2538EAC000A3DD78 /* OpenSans-ExtraBold.ttf */; };
		F1C232AA2538EAC000A3DD78 /* OpenSans-Italic.ttf in Resources */ = {isa = PBXBuildFile; fileRef = F1C232A02538EAC000A3DD78 /* OpenSans-Italic.ttf */; };
		F1C232AB2538EAC000A3DD78 /* OpenSans-BoldItalic.ttf in Resources */ = {isa = PBXBuildFile; fileRef = F1C232A12538EAC000A3DD78 /* OpenSans-BoldItalic.ttf */; };
		F1C232AC2538EAC000A3DD78 /* OpenSans-Bold.ttf in Resources */ = {isa = PBXBuildFile; fileRef = F1C232A22538EAC000A3DD78 /* OpenSans-Bold.ttf */; };
		F1C232B02538F3CB00A3DD78 /* CafesTableViewController.swift in Sources */ = {isa = PBXBuildFile; fileRef = F1C232AF2538F3CB00A3DD78 /* CafesTableViewController.swift */; };
		F1C232B22538F99100A3DD78 /* CafeTableViewCell.swift in Sources */ = {isa = PBXBuildFile; fileRef = F1C232B12538F99100A3DD78 /* CafeTableViewCell.swift */; };
		FE237677724F25125454716F /* Pods_Nospresso_NospressoUITests.framework in Frameworks */ = {isa = PBXBuildFile; fileRef = 34E71F6702E0CE9AC95210AC /* Pods_Nospresso_NospressoUITests.framework */; };
/* End PBXBuildFile section */

/* Begin PBXContainerItemProxy section */
		F19D24BC2536390500FA7B4F /* PBXContainerItemProxy */ = {
			isa = PBXContainerItemProxy;
			containerPortal = F19D249D2536390300FA7B4F /* Project object */;
			proxyType = 1;
			remoteGlobalIDString = F19D24A42536390300FA7B4F;
			remoteInfo = Nospresso;
		};
		F19D24C72536390500FA7B4F /* PBXContainerItemProxy */ = {
			isa = PBXContainerItemProxy;
			containerPortal = F19D249D2536390300FA7B4F /* Project object */;
			proxyType = 1;
			remoteGlobalIDString = F19D24A42536390300FA7B4F;
			remoteInfo = Nospresso;
		};
/* End PBXContainerItemProxy section */

/* Begin PBXFileReference section */
		02113981040D5B1E6FC87E72 /* Pods-Nospresso.release.xcconfig */ = {isa = PBXFileReference; includeInIndex = 1; lastKnownFileType = text.xcconfig; name = "Pods-Nospresso.release.xcconfig"; path = "Target Support Files/Pods-Nospresso/Pods-Nospresso.release.xcconfig"; sourceTree = "<group>"; };
		066A8A4C591696698F14B3FA /* Pods-Nospresso.debug.xcconfig */ = {isa = PBXFileReference; includeInIndex = 1; lastKnownFileType = text.xcconfig; name = "Pods-Nospresso.debug.xcconfig"; path = "Target Support Files/Pods-Nospresso/Pods-Nospresso.debug.xcconfig"; sourceTree = "<group>"; };
		34E71F6702E0CE9AC95210AC /* Pods_Nospresso_NospressoUITests.framework */ = {isa = PBXFileReference; explicitFileType = wrapper.framework; includeInIndex = 0; path = Pods_Nospresso_NospressoUITests.framework; sourceTree = BUILT_PRODUCTS_DIR; };
		4EAF8598843846CCE852144D /* Pods_NospressoTests.framework */ = {isa = PBXFileReference; explicitFileType = wrapper.framework; includeInIndex = 0; path = Pods_NospressoTests.framework; sourceTree = BUILT_PRODUCTS_DIR; };
		8D97F081AABE3853B5C7A117 /* Pods-NospressoTests.debug.xcconfig */ = {isa = PBXFileReference; includeInIndex = 1; lastKnownFileType = text.xcconfig; name = "Pods-NospressoTests.debug.xcconfig"; path = "Target Support Files/Pods-NospressoTests/Pods-NospressoTests.debug.xcconfig"; sourceTree = "<group>"; };
		AE49BDF439C89615CE562809 /* Pods-NospressoTests.release.xcconfig */ = {isa = PBXFileReference; includeInIndex = 1; lastKnownFileType = text.xcconfig; name = "Pods-NospressoTests.release.xcconfig"; path = "Target Support Files/Pods-NospressoTests/Pods-NospressoTests.release.xcconfig"; sourceTree = "<group>"; };
		DBDEF3F052D525E3384C7D59 /* Pods-Nospresso-NospressoUITests.release.xcconfig */ = {isa = PBXFileReference; includeInIndex = 1; lastKnownFileType = text.xcconfig; name = "Pods-Nospresso-NospressoUITests.release.xcconfig"; path = "Target Support Files/Pods-Nospresso-NospressoUITests/Pods-Nospresso-NospressoUITests.release.xcconfig"; sourceTree = "<group>"; };
		DCF274B646CCBB84109EA08E /* Pods_Nospresso.framework */ = {isa = PBXFileReference; explicitFileType = wrapper.framework; includeInIndex = 0; path = Pods_Nospresso.framework; sourceTree = BUILT_PRODUCTS_DIR; };
		E588FFE6B56AC8645B9B1EC1 /* Pods-Nospresso-NospressoUITests.debug.xcconfig */ = {isa = PBXFileReference; includeInIndex = 1; lastKnownFileType = text.xcconfig; name = "Pods-Nospresso-NospressoUITests.debug.xcconfig"; path = "Target Support Files/Pods-Nospresso-NospressoUITests/Pods-Nospresso-NospressoUITests.debug.xcconfig"; sourceTree = "<group>"; };
		F121A609254A1CEA007C2F4C /* AcessoriosTableViewController.swift */ = {isa = PBXFileReference; lastKnownFileType = sourcecode.swift; path = AcessoriosTableViewController.swift; sourceTree = "<group>"; };
		F12CF41A254794AF00CF1558 /* FavoritosViewController.swift */ = {isa = PBXFileReference; lastKnownFileType = sourcecode.swift; path = FavoritosViewController.swift; sourceTree = "<group>"; };
		F12D41C4254A256500F04BAB /* AcessorioTableViewCell.swift */ = {isa = PBXFileReference; lastKnownFileType = sourcecode.swift; path = AcessorioTableViewCell.swift; sourceTree = "<group>"; };
		F1475A102544508300D85041 /* DetalheProdutoModalViewController.swift */ = {isa = PBXFileReference; lastKnownFileType = sourcecode.swift; path = DetalheProdutoModalViewController.swift; sourceTree = "<group>"; };
		F1475A112544508300D85041 /* DetalheProdutoModalViewController.xib */ = {isa = PBXFileReference; lastKnownFileType = file.xib; path = DetalheProdutoModalViewController.xib; sourceTree = "<group>"; };
		F1475A142544573500D85041 /* Produto.swift */ = {isa = PBXFileReference; lastKnownFileType = sourcecode.swift; path = Produto.swift; sourceTree = "<group>"; };
		F1475A1A25445E4900D85041 /* CarregamentoViewController.swift */ = {isa = PBXFileReference; lastKnownFileType = sourcecode.swift; path = CarregamentoViewController.swift; sourceTree = "<group>"; };
		F1475A1B25445E4900D85041 /* CarregamentoViewController.xib */ = {isa = PBXFileReference; lastKnownFileType = file.xib; path = CarregamentoViewController.xib; sourceTree = "<group>"; };
		F1475A1E2544604C00D85041 /* CarregamentoViewType.swift */ = {isa = PBXFileReference; lastKnownFileType = sourcecode.swift; path = CarregamentoViewType.swift; sourceTree = "<group>"; };
		F1475A21254466B500D85041 /* Favoritos.swift */ = {isa = PBXFileReference; lastKnownFileType = sourcecode.swift; path = Favoritos.swift; sourceTree = "<group>"; };
		F1475A232544695A00D85041 /* Favorito.swift */ = {isa = PBXFileReference; lastKnownFileType = sourcecode.swift; path = Favorito.swift; sourceTree = "<group>"; };
		F1475A252544752400D85041 /* FavoritoTableViewCell.swift */ = {isa = PBXFileReference; lastKnownFileType = sourcecode.swift; path = FavoritoTableViewCell.swift; sourceTree = "<group>"; };
		F14C8B3D253B167E001255AE /* MenuProdutosViewController.swift */ = {isa = PBXFileReference; lastKnownFileType = sourcecode.swift; path = MenuProdutosViewController.swift; sourceTree = "<group>"; };
		F14C8B40253B1E45001255AE /* UIViewController+Barbadas.swift */ = {isa = PBXFileReference; lastKnownFileType = sourcecode.swift; path = "UIViewController+Barbadas.swift"; sourceTree = "<group>"; };
		F14C8B43253B2E91001255AE /* R.generated.swift */ = {isa = PBXFileReference; fileEncoding = 4; lastKnownFileType = sourcecode.swift; path = R.generated.swift; sourceTree = SOURCE_ROOT; };
		F14C8B45253B2F3C001255AE /* Pseudonimos.swift */ = {isa = PBXFileReference; lastKnownFileType = sourcecode.swift; path = Pseudonimos.swift; sourceTree = "<group>"; };
		F14C8B49253B30E6001255AE /* CategoriaDeCafeHeaderView.swift */ = {isa = PBXFileReference; lastKnownFileType = sourcecode.swift; path = CategoriaDeCafeHeaderView.swift; sourceTree = "<group>"; };
		F14C8B4B253B312E001255AE /* CategoriaDeCafeHeaderView.xib */ = {isa = PBXFileReference; lastKnownFileType = file.xib; path = CategoriaDeCafeHeaderView.xib; sourceTree = "<group>"; };
		F14C8B4D253B3C2D001255AE /* UIImageView+CarregarImagem.swift */ = {isa = PBXFileReference; lastKnownFileType = sourcecode.swift; path = "UIImageView+CarregarImagem.swift"; sourceTree = "<group>"; };
		F15BDD14253FA7A600127872 /* Double+Dinheiros.swift */ = {isa = PBXFileReference; lastKnownFileType = sourcecode.swift; path = "Double+Dinheiros.swift"; sourceTree = "<group>"; };
		F18CB9CD253F76B600CEDA4A /* DetalheCafeViewController.swift */ = {isa = PBXFileReference; lastKnownFileType = sourcecode.swift; path = DetalheCafeViewController.swift; sourceTree = "<group>"; };
		F18CB9D0253F811B00CEDA4A /* ContadorIntensidadeStackView.swift */ = {isa = PBXFileReference; lastKnownFileType = sourcecode.swift; path = ContadorIntensidadeStackView.swift; sourceTree = "<group>"; };
		F18CB9D2253F877500CEDA4A /* DetalheCafePresenter.swift */ = {isa = PBXFileReference; lastKnownFileType = sourcecode.swift; path = DetalheCafePresenter.swift; sourceTree = "<group>"; };
		F18CB9D4253F87F500CEDA4A /* DetalheCafe+Protocolo.swift */ = {isa = PBXFileReference; lastKnownFileType = sourcecode.swift; path = "DetalheCafe+Protocolo.swift"; sourceTree = "<group>"; };
		F19D24A52536390300FA7B4F /* Nospresso.app */ = {isa = PBXFileReference; explicitFileType = wrapper.application; includeInIndex = 0; path = Nospresso.app; sourceTree = BUILT_PRODUCTS_DIR; };
		F19D24A82536390300FA7B4F /* AppDelegate.swift */ = {isa = PBXFileReference; lastKnownFileType = sourcecode.swift; path = AppDelegate.swift; sourceTree = "<group>"; };
		F19D24AA2536390300FA7B4F /* SceneDelegate.swift */ = {isa = PBXFileReference; lastKnownFileType = sourcecode.swift; path = SceneDelegate.swift; sourceTree = "<group>"; };
		F19D24AC2536390300FA7B4F /* ViewController.swift */ = {isa = PBXFileReference; lastKnownFileType = sourcecode.swift; path = ViewController.swift; sourceTree = "<group>"; };
		F19D24AF2536390300FA7B4F /* Base */ = {isa = PBXFileReference; lastKnownFileType = file.storyboard; name = Base; path = Base.lproj/Main.storyboard; sourceTree = "<group>"; };
		F19D24B12536390500FA7B4F /* Assets.xcassets */ = {isa = PBXFileReference; lastKnownFileType = folder.assetcatalog; path = Assets.xcassets; sourceTree = "<group>"; };
		F19D24B42536390500FA7B4F /* Base */ = {isa = PBXFileReference; lastKnownFileType = file.storyboard; name = Base; path = Base.lproj/LaunchScreen.storyboard; sourceTree = "<group>"; };
		F19D24B62536390500FA7B4F /* Info.plist */ = {isa = PBXFileReference; lastKnownFileType = text.plist.xml; path = Info.plist; sourceTree = "<group>"; };
		F19D24BB2536390500FA7B4F /* NospressoTests.xctest */ = {isa = PBXFileReference; explicitFileType = wrapper.cfbundle; includeInIndex = 0; path = NospressoTests.xctest; sourceTree = BUILT_PRODUCTS_DIR; };
		F19D24BF2536390500FA7B4F /* NospressoTests.swift */ = {isa = PBXFileReference; lastKnownFileType = sourcecode.swift; path = NospressoTests.swift; sourceTree = "<group>"; };
		F19D24C12536390500FA7B4F /* Info.plist */ = {isa = PBXFileReference; lastKnownFileType = text.plist.xml; path = Info.plist; sourceTree = "<group>"; };
		F19D24C62536390500FA7B4F /* NospressoUITests.xctest */ = {isa = PBXFileReference; explicitFileType = wrapper.cfbundle; includeInIndex = 0; path = NospressoUITests.xctest; sourceTree = BUILT_PRODUCTS_DIR; };
		F19D24CA2536390500FA7B4F /* NospressoUITests.swift */ = {isa = PBXFileReference; lastKnownFileType = sourcecode.swift; path = NospressoUITests.swift; sourceTree = "<group>"; };
		F19D24CC2536390500FA7B4F /* Info.plist */ = {isa = PBXFileReference; lastKnownFileType = text.plist.xml; path = Info.plist; sourceTree = "<group>"; };
		F19D24D92536582600FA7B4F /* CategoriaCafe.swift */ = {isa = PBXFileReference; lastKnownFileType = sourcecode.swift; path = CategoriaCafe.swift; sourceTree = "<group>"; };
		F19D24DB2536587B00FA7B4F /* Cafe.swift */ = {isa = PBXFileReference; lastKnownFileType = sourcecode.swift; path = Cafe.swift; sourceTree = "<group>"; };
		F19D24E02536591200FA7B4F /* Api.swift */ = {isa = PBXFileReference; lastKnownFileType = sourcecode.swift; path = Api.swift; sourceTree = "<group>"; };
		F19D24E22536593E00FA7B4F /* Endpoint.swift */ = {isa = PBXFileReference; lastKnownFileType = sourcecode.swift; path = Endpoint.swift; sourceTree = "<group>"; };
		F19D24E425365D1300FA7B4F /* Item.swift */ = {isa = PBXFileReference; lastKnownFileType = sourcecode.swift; path = Item.swift; sourceTree = "<group>"; };
		F19D24E625365D6B00FA7B4F /* Acessorio.swift */ = {isa = PBXFileReference; lastKnownFileType = sourcecode.swift; path = Acessorio.swift; sourceTree = "<group>"; };
		F19D24E825365DAD00FA7B4F /* Maquina.swift */ = {isa = PBXFileReference; lastKnownFileType = sourcecode.swift; path = Maquina.swift; sourceTree = "<group>"; };
		F1B8FF8325421BE000F31E48 /* MedidaView.swift */ = {isa = PBXFileReference; lastKnownFileType = sourcecode.swift; path = MedidaView.swift; sourceTree = "<group>"; };
		F1B8FF8525421C0500F31E48 /* MedidaView.xib */ = {isa = PBXFileReference; lastKnownFileType = file.xib; path = MedidaView.xib; sourceTree = "<group>"; };
		F1B8FF882542271700F31E48 /* MaquinasViewController.swift */ = {isa = PBXFileReference; lastKnownFileType = sourcecode.swift; path = MaquinasViewController.swift; sourceTree = "<group>"; };
		F1B8FF892542271700F31E48 /* MaquinasViewController.xib */ = {isa = PBXFileReference; lastKnownFileType = file.xib; path = MaquinasViewController.xib; sourceTree = "<group>"; };
		F1B8FF8D25422B6C00F31E48 /* MaquinaCollectionViewCell.swift */ = {isa = PBXFileReference; lastKnownFileType = sourcecode.swift; path = MaquinaCollectionViewCell.swift; sourceTree = "<group>"; };
		F1B8FF8E25422B6C00F31E48 /* MaquinaCollectionViewCell.xib */ = {isa = PBXFileReference; lastKnownFileType = file.xib; path = MaquinaCollectionViewCell.xib; sourceTree = "<group>"; };
		F1B8FF9125422E5000F31E48 /* MaquinasProtocolos.swift */ = {isa = PBXFileReference; lastKnownFileType = sourcecode.swift; path = MaquinasProtocolos.swift; sourceTree = "<group>"; };
		F1B8FF9325422EB800F31E48 /* MaquinasPresenter.swift */ = {isa = PBXFileReference; lastKnownFileType = sourcecode.swift; path = MaquinasPresenter.swift; sourceTree = "<group>"; };
		F1C232992538EABF00A3DD78 /* OpenSans-SemiBoldItalic.ttf */ = {isa = PBXFileReference; lastKnownFileType = file; path = "OpenSans-SemiBoldItalic.ttf"; sourceTree = "<group>"; };
		F1C2329A2538EAC000A3DD78 /* OpenSans-Regular.ttf */ = {isa = PBXFileReference; lastKnownFileType = file; path = "OpenSans-Regular.ttf"; sourceTree = "<group>"; };
		F1C2329B2538EAC000A3DD78 /* OpenSans-LightItalic.ttf */ = {isa = PBXFileReference; lastKnownFileType = file; path = "OpenSans-LightItalic.ttf"; sourceTree = "<group>"; };
		F1C2329C2538EAC000A3DD78 /* OpenSans-ExtraBoldItalic.ttf */ = {isa = PBXFileReference; lastKnownFileType = file; path = "OpenSans-ExtraBoldItalic.ttf"; sourceTree = "<group>"; };
		F1C2329D2538EAC000A3DD78 /* OpenSans-SemiBold.ttf */ = {isa = PBXFileReference; lastKnownFileType = file; path = "OpenSans-SemiBold.ttf"; sourceTree = "<group>"; };
		F1C2329E2538EAC000A3DD78 /* OpenSans-Light.ttf */ = {isa = PBXFileReference; lastKnownFileType = file; path = "OpenSans-Light.ttf"; sourceTree = "<group>"; };
		F1C2329F2538EAC000A3DD78 /* OpenSans-ExtraBold.ttf */ = {isa = PBXFileReference; lastKnownFileType = file; path = "OpenSans-ExtraBold.ttf"; sourceTree = "<group>"; };
		F1C232A02538EAC000A3DD78 /* OpenSans-Italic.ttf */ = {isa = PBXFileReference; lastKnownFileType = file; path = "OpenSans-Italic.ttf"; sourceTree = "<group>"; };
		F1C232A12538EAC000A3DD78 /* OpenSans-BoldItalic.ttf */ = {isa = PBXFileReference; lastKnownFileType = file; path = "OpenSans-BoldItalic.ttf"; sourceTree = "<group>"; };
		F1C232A22538EAC000A3DD78 /* OpenSans-Bold.ttf */ = {isa = PBXFileReference; lastKnownFileType = file; path = "OpenSans-Bold.ttf"; sourceTree = "<group>"; };
		F1C232AF2538F3CB00A3DD78 /* CafesTableViewController.swift */ = {isa = PBXFileReference; lastKnownFileType = sourcecode.swift; path = CafesTableViewController.swift; sourceTree = "<group>"; };
		F1C232B12538F99100A3DD78 /* CafeTableViewCell.swift */ = {isa = PBXFileReference; lastKnownFileType = sourcecode.swift; path = CafeTableViewCell.swift; sourceTree = "<group>"; };
/* End PBXFileReference section */

/* Begin PBXFrameworksBuildPhase section */
		F19D24A22536390300FA7B4F /* Frameworks */ = {
			isa = PBXFrameworksBuildPhase;
			buildActionMask = 2147483647;
			files = (
				9A8B12FA108C8AEBF2CDD669 /* Pods_Nospresso.framework in Frameworks */,
			);
			runOnlyForDeploymentPostprocessing = 0;
		};
		F19D24B82536390500FA7B4F /* Frameworks */ = {
			isa = PBXFrameworksBuildPhase;
			buildActionMask = 2147483647;
			files = (
				AD6A11DBD19EE7299938A86C /* Pods_NospressoTests.framework in Frameworks */,
			);
			runOnlyForDeploymentPostprocessing = 0;
		};
		F19D24C32536390500FA7B4F /* Frameworks */ = {
			isa = PBXFrameworksBuildPhase;
			buildActionMask = 2147483647;
			files = (
				FE237677724F25125454716F /* Pods_Nospresso_NospressoUITests.framework in Frameworks */,
			);
			runOnlyForDeploymentPostprocessing = 0;
		};
/* End PBXFrameworksBuildPhase section */

/* Begin PBXGroup section */
		369F1C82AD42256F8A001F5B /* Frameworks */ = {
			isa = PBXGroup;
			children = (
				DCF274B646CCBB84109EA08E /* Pods_Nospresso.framework */,
				34E71F6702E0CE9AC95210AC /* Pods_Nospresso_NospressoUITests.framework */,
				4EAF8598843846CCE852144D /* Pods_NospressoTests.framework */,
			);
			name = Frameworks;
			sourceTree = "<group>";
		};
		99D3C1EF0366AEDFF1C3E545 /* Pods */ = {
			isa = PBXGroup;
			children = (
				066A8A4C591696698F14B3FA /* Pods-Nospresso.debug.xcconfig */,
				02113981040D5B1E6FC87E72 /* Pods-Nospresso.release.xcconfig */,
				E588FFE6B56AC8645B9B1EC1 /* Pods-Nospresso-NospressoUITests.debug.xcconfig */,
				DBDEF3F052D525E3384C7D59 /* Pods-Nospresso-NospressoUITests.release.xcconfig */,
				8D97F081AABE3853B5C7A117 /* Pods-NospressoTests.debug.xcconfig */,
				AE49BDF439C89615CE562809 /* Pods-NospressoTests.release.xcconfig */,
			);
			path = Pods;
			sourceTree = "<group>";
		};
		F121A608254A1CCD007C2F4C /* Acessorios */ = {
			isa = PBXGroup;
			children = (
				F12D41C3254A254F00F04BAB /* Celulas */,
				F121A609254A1CEA007C2F4C /* AcessoriosTableViewController.swift */,
			);
			path = Acessorios;
			sourceTree = "<group>";
		};
		F12D41C3254A254F00F04BAB /* Celulas */ = {
			isa = PBXGroup;
			children = (
				F12D41C4254A256500F04BAB /* AcessorioTableViewCell.swift */,
			);
			path = Celulas;
			sourceTree = "<group>";
		};
		F1475A0F2544502F00D85041 /* DetalheProdutoModal */ = {
			isa = PBXGroup;
			children = (
				F1475A102544508300D85041 /* DetalheProdutoModalViewController.swift */,
				F1475A112544508300D85041 /* DetalheProdutoModalViewController.xib */,
			);
			path = DetalheProdutoModal;
			sourceTree = "<group>";
		};
		F1475A1625445DE700D85041 /* Componentes */ = {
			isa = PBXGroup;
			children = (
				F1475A1725445E1700D85041 /* Carregamento */,
				F1475A0F2544502F00D85041 /* DetalheProdutoModal */,
			);
			path = Componentes;
			sourceTree = "<group>";
		};
		F1475A1725445E1700D85041 /* Carregamento */ = {
			isa = PBXGroup;
			children = (
				F1475A1A25445E4900D85041 /* CarregamentoViewController.swift */,
				F1475A1B25445E4900D85041 /* CarregamentoViewController.xib */,
				F1475A1E2544604C00D85041 /* CarregamentoViewType.swift */,
			);
			path = Carregamento;
			sourceTree = "<group>";
		};
		F1475A202544669E00D85041 /* Favoritos */ = {
			isa = PBXGroup;
			children = (
				F1475A21254466B500D85041 /* Favoritos.swift */,
				F1475A252544752400D85041 /* FavoritoTableViewCell.swift */,
				F12CF41A254794AF00CF1558 /* FavoritosViewController.swift */,
			);
			path = Favoritos;
			sourceTree = "<group>";
		};
		F14C8B3F253B1E28001255AE /* Extensoes */ = {
			isa = PBXGroup;
			children = (
				F14C8B40253B1E45001255AE /* UIViewController+Barbadas.swift */,
				F14C8B45253B2F3C001255AE /* Pseudonimos.swift */,
				F14C8B4D253B3C2D001255AE /* UIImageView+CarregarImagem.swift */,
				F15BDD14253FA7A600127872 /* Double+Dinheiros.swift */,
			);
			path = Extensoes;
			sourceTree = "<group>";
		};
		F14C8B47253B3053001255AE /* Componentes */ = {
			isa = PBXGroup;
			children = (
				F14C8B48253B3058001255AE /* Celulas */,
			);
			path = Componentes;
			sourceTree = "<group>";
		};
		F14C8B48253B3058001255AE /* Celulas */ = {
			isa = PBXGroup;
			children = (
				F1C232B12538F99100A3DD78 /* CafeTableViewCell.swift */,
				F14C8B49253B30E6001255AE /* CategoriaDeCafeHeaderView.swift */,
				F14C8B4B253B312E001255AE /* CategoriaDeCafeHeaderView.xib */,
			);
			path = Celulas;
			sourceTree = "<group>";
		};
		F18CB9CC253F769B00CEDA4A /* DetalheCafe */ = {
			isa = PBXGroup;
			children = (
				F18CB9CF253F80D400CEDA4A /* Componentes */,
				F18CB9CD253F76B600CEDA4A /* DetalheCafeViewController.swift */,
				F18CB9D2253F877500CEDA4A /* DetalheCafePresenter.swift */,
				F18CB9D4253F87F500CEDA4A /* DetalheCafe+Protocolo.swift */,
			);
			path = DetalheCafe;
			sourceTree = "<group>";
		};
		F18CB9CF253F80D400CEDA4A /* Componentes */ = {
			isa = PBXGroup;
			children = (
				F18CB9D0253F811B00CEDA4A /* ContadorIntensidadeStackView.swift */,
				F1B8FF8325421BE000F31E48 /* MedidaView.swift */,
				F1B8FF8525421C0500F31E48 /* MedidaView.xib */,
			);
			path = Componentes;
			sourceTree = "<group>";
		};
		F19D249C2536390300FA7B4F = {
			isa = PBXGroup;
			children = (
				F19D24A72536390300FA7B4F /* Nospresso */,
				F19D24BE2536390500FA7B4F /* NospressoTests */,
				F19D24C92536390500FA7B4F /* NospressoUITests */,
				F19D24A62536390300FA7B4F /* Products */,
				99D3C1EF0366AEDFF1C3E545 /* Pods */,
				369F1C82AD42256F8A001F5B /* Frameworks */,
			);
			sourceTree = "<group>";
		};
		F19D24A62536390300FA7B4F /* Products */ = {
			isa = PBXGroup;
			children = (
				F19D24A52536390300FA7B4F /* Nospresso.app */,
				F19D24BB2536390500FA7B4F /* NospressoTests.xctest */,
				F19D24C62536390500FA7B4F /* NospressoUITests.xctest */,
			);
			name = Products;
			sourceTree = "<group>";
		};
		F19D24A72536390300FA7B4F /* Nospresso */ = {
			isa = PBXGroup;
			children = (
				F1475A1625445DE700D85041 /* Componentes */,
				F14C8B43253B2E91001255AE /* R.generated.swift */,
				F14C8B3F253B1E28001255AE /* Extensoes */,
				F1C232AD2538F3A800A3DD78 /* Modulos */,
				F1C232972538EA7600A3DD78 /* Recursos */,
				F19D24DF2536590300FA7B4F /* Api */,
				F19D24D82536580D00FA7B4F /* Modelos */,
				F19D24A82536390300FA7B4F /* AppDelegate.swift */,
				F19D24AA2536390300FA7B4F /* SceneDelegate.swift */,
				F19D24AC2536390300FA7B4F /* ViewController.swift */,
				F19D24AE2536390300FA7B4F /* Main.storyboard */,
				F19D24B12536390500FA7B4F /* Assets.xcassets */,
				F19D24B32536390500FA7B4F /* LaunchScreen.storyboard */,
				F19D24B62536390500FA7B4F /* Info.plist */,
			);
			path = Nospresso;
			sourceTree = "<group>";
		};
		F19D24BE2536390500FA7B4F /* NospressoTests */ = {
			isa = PBXGroup;
			children = (
				F19D24BF2536390500FA7B4F /* NospressoTests.swift */,
				F19D24C12536390500FA7B4F /* Info.plist */,
			);
			path = NospressoTests;
			sourceTree = "<group>";
		};
		F19D24C92536390500FA7B4F /* NospressoUITests */ = {
			isa = PBXGroup;
			children = (
				F19D24CA2536390500FA7B4F /* NospressoUITests.swift */,
				F19D24CC2536390500FA7B4F /* Info.plist */,
			);
			path = NospressoUITests;
			sourceTree = "<group>";
		};
		F19D24D82536580D00FA7B4F /* Modelos */ = {
			isa = PBXGroup;
			children = (
				F19D24D92536582600FA7B4F /* CategoriaCafe.swift */,
				F19D24DB2536587B00FA7B4F /* Cafe.swift */,
				F19D24E425365D1300FA7B4F /* Item.swift */,
				F19D24E625365D6B00FA7B4F /* Acessorio.swift */,
				F19D24E825365DAD00FA7B4F /* Maquina.swift */,
				F1475A142544573500D85041 /* Produto.swift */,
				F1475A232544695A00D85041 /* Favorito.swift */,
			);
			path = Modelos;
			sourceTree = "<group>";
		};
		F19D24DF2536590300FA7B4F /* Api */ = {
			isa = PBXGroup;
			children = (
				F19D24E02536591200FA7B4F /* Api.swift */,
				F19D24E22536593E00FA7B4F /* Endpoint.swift */,
			);
			path = Api;
			sourceTree = "<group>";
		};
		F1B8FF87254226D700F31E48 /* Maquinas */ = {
			isa = PBXGroup;
			children = (
				F1B8FF8C25422B2F00F31E48 /* Componentes */,
				F1B8FF882542271700F31E48 /* MaquinasViewController.swift */,
				F1B8FF892542271700F31E48 /* MaquinasViewController.xib */,
				F1B8FF9325422EB800F31E48 /* MaquinasPresenter.swift */,
				F1B8FF9125422E5000F31E48 /* MaquinasProtocolos.swift */,
			);
			path = Maquinas;
			sourceTree = "<group>";
		};
		F1B8FF8C25422B2F00F31E48 /* Componentes */ = {
			isa = PBXGroup;
			children = (
				F1B8FF8D25422B6C00F31E48 /* MaquinaCollectionViewCell.swift */,
				F1B8FF8E25422B6C00F31E48 /* MaquinaCollectionViewCell.xib */,
			);
			path = Componentes;
			sourceTree = "<group>";
		};
		F1C232972538EA7600A3DD78 /* Recursos */ = {
			isa = PBXGroup;
			children = (
				F1C232982538EA7E00A3DD78 /* Fontes */,
			);
			path = Recursos;
			sourceTree = "<group>";
		};
		F1C232982538EA7E00A3DD78 /* Fontes */ = {
			isa = PBXGroup;
			children = (
				F1C232A22538EAC000A3DD78 /* OpenSans-Bold.ttf */,
				F1C232A12538EAC000A3DD78 /* OpenSans-BoldItalic.ttf */,
				F1C2329F2538EAC000A3DD78 /* OpenSans-ExtraBold.ttf */,
				F1C2329C2538EAC000A3DD78 /* OpenSans-ExtraBoldItalic.ttf */,
				F1C232A02538EAC000A3DD78 /* OpenSans-Italic.ttf */,
				F1C2329E2538EAC000A3DD78 /* OpenSans-Light.ttf */,
				F1C2329B2538EAC000A3DD78 /* OpenSans-LightItalic.ttf */,
				F1C2329A2538EAC000A3DD78 /* OpenSans-Regular.ttf */,
				F1C2329D2538EAC000A3DD78 /* OpenSans-SemiBold.ttf */,
				F1C232992538EABF00A3DD78 /* OpenSans-SemiBoldItalic.ttf */,
			);
			path = Fontes;
			sourceTree = "<group>";
		};
		F1C232AD2538F3A800A3DD78 /* Modulos */ = {
			isa = PBXGroup;
			children = (
				F121A608254A1CCD007C2F4C /* Acessorios */,
				F1475A202544669E00D85041 /* Favoritos */,
				F1B8FF87254226D700F31E48 /* Maquinas */,
				F18CB9CC253F769B00CEDA4A /* DetalheCafe */,
				F1C232AE2538F3B300A3DD78 /* Cafes */,
				F14C8B3D253B167E001255AE /* MenuProdutosViewController.swift */,
			);
			path = Modulos;
			sourceTree = "<group>";
		};
		F1C232AE2538F3B300A3DD78 /* Cafes */ = {
			isa = PBXGroup;
			children = (
				F14C8B47253B3053001255AE /* Componentes */,
				F1C232AF2538F3CB00A3DD78 /* CafesTableViewController.swift */,
			);
			path = Cafes;
			sourceTree = "<group>";
		};
/* End PBXGroup section */

/* Begin PBXNativeTarget section */
		F19D24A42536390300FA7B4F /* Nospresso */ = {
			isa = PBXNativeTarget;
			buildConfigurationList = F19D24CF2536390500FA7B4F /* Build configuration list for PBXNativeTarget "Nospresso" */;
			buildPhases = (
				77A2F2FEB84274A38AA54174 /* [CP] Check Pods Manifest.lock */,
				F14C8B42253B2751001255AE /* R.swift Run Swift */,
				F19D24A12536390300FA7B4F /* Sources */,
				F19D24A22536390300FA7B4F /* Frameworks */,
				F19D24A32536390300FA7B4F /* Resources */,
				A54922C891741A80CB577FC7 /* [CP] Embed Pods Frameworks */,
			);
			buildRules = (
			);
			dependencies = (
			);
			name = Nospresso;
			productName = Nospresso;
			productReference = F19D24A52536390300FA7B4F /* Nospresso.app */;
			productType = "com.apple.product-type.application";
		};
		F19D24BA2536390500FA7B4F /* NospressoTests */ = {
			isa = PBXNativeTarget;
			buildConfigurationList = F19D24D22536390500FA7B4F /* Build configuration list for PBXNativeTarget "NospressoTests" */;
			buildPhases = (
				2C4C43C8B744DB85B052ED8F /* [CP] Check Pods Manifest.lock */,
				F19D24B72536390500FA7B4F /* Sources */,
				F19D24B82536390500FA7B4F /* Frameworks */,
				F19D24B92536390500FA7B4F /* Resources */,
				F19B09EAE309997DF470940C /* [CP] Embed Pods Frameworks */,
			);
			buildRules = (
			);
			dependencies = (
				F19D24BD2536390500FA7B4F /* PBXTargetDependency */,
			);
			name = NospressoTests;
			productName = NospressoTests;
			productReference = F19D24BB2536390500FA7B4F /* NospressoTests.xctest */;
			productType = "com.apple.product-type.bundle.unit-test";
		};
		F19D24C52536390500FA7B4F /* NospressoUITests */ = {
			isa = PBXNativeTarget;
			buildConfigurationList = F19D24D52536390500FA7B4F /* Build configuration list for PBXNativeTarget "NospressoUITests" */;
			buildPhases = (
				CFD8CA3175C516A0251C3519 /* [CP] Check Pods Manifest.lock */,
				F19D24C22536390500FA7B4F /* Sources */,
				F19D24C32536390500FA7B4F /* Frameworks */,
				F19D24C42536390500FA7B4F /* Resources */,
				363C83D769F967F166CBE961 /* [CP] Embed Pods Frameworks */,
			);
			buildRules = (
			);
			dependencies = (
				F19D24C82536390500FA7B4F /* PBXTargetDependency */,
			);
			name = NospressoUITests;
			productName = NospressoUITests;
			productReference = F19D24C62536390500FA7B4F /* NospressoUITests.xctest */;
			productType = "com.apple.product-type.bundle.ui-testing";
		};
/* End PBXNativeTarget section */

/* Begin PBXProject section */
		F19D249D2536390300FA7B4F /* Project object */ = {
			isa = PBXProject;
			attributes = {
				LastSwiftUpdateCheck = 1200;
				LastUpgradeCheck = 1200;
				TargetAttributes = {
					F19D24A42536390300FA7B4F = {
						CreatedOnToolsVersion = 12.0;
					};
					F19D24BA2536390500FA7B4F = {
						CreatedOnToolsVersion = 12.0;
						TestTargetID = F19D24A42536390300FA7B4F;
					};
					F19D24C52536390500FA7B4F = {
						CreatedOnToolsVersion = 12.0;
						TestTargetID = F19D24A42536390300FA7B4F;
					};
				};
			};
			buildConfigurationList = F19D24A02536390300FA7B4F /* Build configuration list for PBXProject "Nospresso" */;
			compatibilityVersion = "Xcode 9.3";
			developmentRegion = en;
			hasScannedForEncodings = 0;
			knownRegions = (
				en,
				Base,
			);
			mainGroup = F19D249C2536390300FA7B4F;
			productRefGroup = F19D24A62536390300FA7B4F /* Products */;
			projectDirPath = "";
			projectRoot = "";
			targets = (
				F19D24A42536390300FA7B4F /* Nospresso */,
				F19D24BA2536390500FA7B4F /* NospressoTests */,
				F19D24C52536390500FA7B4F /* NospressoUITests */,
			);
		};
/* End PBXProject section */

/* Begin PBXResourcesBuildPhase section */
		F19D24A32536390300FA7B4F /* Resources */ = {
			isa = PBXResourcesBuildPhase;
			buildActionMask = 2147483647;
			files = (
				F1C232A42538EAC000A3DD78 /* OpenSans-Regular.ttf in Resources */,
				F1C232AA2538EAC000A3DD78 /* OpenSans-Italic.ttf in Resources */,
				F1C232A62538EAC000A3DD78 /* OpenSans-ExtraBoldItalic.ttf in Resources */,
				F1C232A32538EAC000A3DD78 /* OpenSans-SemiBoldItalic.ttf in Resources */,
				F1C232A52538EAC000A3DD78 /* OpenSans-LightItalic.ttf in Resources */,
				F1C232A72538EAC000A3DD78 /* OpenSans-SemiBold.ttf in Resources */,
				F1B8FF8625421C0500F31E48 /* MedidaView.xib in Resources */,
				F1475A1D25445E4900D85041 /* CarregamentoViewController.xib in Resources */,
				F1C232AB2538EAC000A3DD78 /* OpenSans-BoldItalic.ttf in Resources */,
				F19D24B52536390500FA7B4F /* LaunchScreen.storyboard in Resources */,
				F1B8FF8B2542271700F31E48 /* MaquinasViewController.xib in Resources */,
				F1B8FF9025422B6C00F31E48 /* MaquinaCollectionViewCell.xib in Resources */,
				F1C232A82538EAC000A3DD78 /* OpenSans-Light.ttf in Resources */,
				F19D24B22536390500FA7B4F /* Assets.xcassets in Resources */,
				F1C232AC2538EAC000A3DD78 /* OpenSans-Bold.ttf in Resources */,
				F19D24B02536390300FA7B4F /* Main.storyboard in Resources */,
				F1C232A92538EAC000A3DD78 /* OpenSans-ExtraBold.ttf in Resources */,
				F1475A132544508300D85041 /* DetalheProdutoModalViewController.xib in Resources */,
				F14C8B4C253B312E001255AE /* CategoriaDeCafeHeaderView.xib in Resources */,
			);
			runOnlyForDeploymentPostprocessing = 0;
		};
		F19D24B92536390500FA7B4F /* Resources */ = {
			isa = PBXResourcesBuildPhase;
			buildActionMask = 2147483647;
			files = (
			);
			runOnlyForDeploymentPostprocessing = 0;
		};
		F19D24C42536390500FA7B4F /* Resources */ = {
			isa = PBXResourcesBuildPhase;
			buildActionMask = 2147483647;
			files = (
			);
			runOnlyForDeploymentPostprocessing = 0;
		};
/* End PBXResourcesBuildPhase section */

/* Begin PBXShellScriptBuildPhase section */
		2C4C43C8B744DB85B052ED8F /* [CP] Check Pods Manifest.lock */ = {
			isa = PBXShellScriptBuildPhase;
			buildActionMask = 2147483647;
			files = (
			);
			inputFileListPaths = (
			);
			inputPaths = (
				"${PODS_PODFILE_DIR_PATH}/Podfile.lock",
				"${PODS_ROOT}/Manifest.lock",
			);
			name = "[CP] Check Pods Manifest.lock";
			outputFileListPaths = (
			);
			outputPaths = (
				"$(DERIVED_FILE_DIR)/Pods-NospressoTests-checkManifestLockResult.txt",
			);
			runOnlyForDeploymentPostprocessing = 0;
			shellPath = /bin/sh;
			shellScript = "diff \"${PODS_PODFILE_DIR_PATH}/Podfile.lock\" \"${PODS_ROOT}/Manifest.lock\" > /dev/null\nif [ $? != 0 ] ; then\n    # print error to STDERR\n    echo \"error: The sandbox is not in sync with the Podfile.lock. Run 'pod install' or update your CocoaPods installation.\" >&2\n    exit 1\nfi\n# This output is used by Xcode 'outputs' to avoid re-running this script phase.\necho \"SUCCESS\" > \"${SCRIPT_OUTPUT_FILE_0}\"\n";
			showEnvVarsInLog = 0;
		};
		363C83D769F967F166CBE961 /* [CP] Embed Pods Frameworks */ = {
			isa = PBXShellScriptBuildPhase;
			buildActionMask = 2147483647;
			files = (
			);
			inputFileListPaths = (
				"${PODS_ROOT}/Target Support Files/Pods-Nospresso-NospressoUITests/Pods-Nospresso-NospressoUITests-frameworks-${CONFIGURATION}-input-files.xcfilelist",
			);
			name = "[CP] Embed Pods Frameworks";
			outputFileListPaths = (
				"${PODS_ROOT}/Target Support Files/Pods-Nospresso-NospressoUITests/Pods-Nospresso-NospressoUITests-frameworks-${CONFIGURATION}-output-files.xcfilelist",
			);
			runOnlyForDeploymentPostprocessing = 0;
			shellPath = /bin/sh;
			shellScript = "\"${PODS_ROOT}/Target Support Files/Pods-Nospresso-NospressoUITests/Pods-Nospresso-NospressoUITests-frameworks.sh\"\n";
			showEnvVarsInLog = 0;
		};
		77A2F2FEB84274A38AA54174 /* [CP] Check Pods Manifest.lock */ = {
			isa = PBXShellScriptBuildPhase;
			buildActionMask = 2147483647;
			files = (
			);
			inputFileListPaths = (
			);
			inputPaths = (
				"${PODS_PODFILE_DIR_PATH}/Podfile.lock",
				"${PODS_ROOT}/Manifest.lock",
			);
			name = "[CP] Check Pods Manifest.lock";
			outputFileListPaths = (
			);
			outputPaths = (
				"$(DERIVED_FILE_DIR)/Pods-Nospresso-checkManifestLockResult.txt",
			);
			runOnlyForDeploymentPostprocessing = 0;
			shellPath = /bin/sh;
			shellScript = "diff \"${PODS_PODFILE_DIR_PATH}/Podfile.lock\" \"${PODS_ROOT}/Manifest.lock\" > /dev/null\nif [ $? != 0 ] ; then\n    # print error to STDERR\n    echo \"error: The sandbox is not in sync with the Podfile.lock. Run 'pod install' or update your CocoaPods installation.\" >&2\n    exit 1\nfi\n# This output is used by Xcode 'outputs' to avoid re-running this script phase.\necho \"SUCCESS\" > \"${SCRIPT_OUTPUT_FILE_0}\"\n";
			showEnvVarsInLog = 0;
		};
		A54922C891741A80CB577FC7 /* [CP] Embed Pods Frameworks */ = {
			isa = PBXShellScriptBuildPhase;
			buildActionMask = 2147483647;
			files = (
			);
			inputFileListPaths = (
				"${PODS_ROOT}/Target Support Files/Pods-Nospresso/Pods-Nospresso-frameworks-${CONFIGURATION}-input-files.xcfilelist",
			);
			name = "[CP] Embed Pods Frameworks";
			outputFileListPaths = (
				"${PODS_ROOT}/Target Support Files/Pods-Nospresso/Pods-Nospresso-frameworks-${CONFIGURATION}-output-files.xcfilelist",
			);
			runOnlyForDeploymentPostprocessing = 0;
			shellPath = /bin/sh;
			shellScript = "\"${PODS_ROOT}/Target Support Files/Pods-Nospresso/Pods-Nospresso-frameworks.sh\"\n";
			showEnvVarsInLog = 0;
		};
		CFD8CA3175C516A0251C3519 /* [CP] Check Pods Manifest.lock */ = {
			isa = PBXShellScriptBuildPhase;
			buildActionMask = 2147483647;
			files = (
			);
			inputFileListPaths = (
			);
			inputPaths = (
				"${PODS_PODFILE_DIR_PATH}/Podfile.lock",
				"${PODS_ROOT}/Manifest.lock",
			);
			name = "[CP] Check Pods Manifest.lock";
			outputFileListPaths = (
			);
			outputPaths = (
				"$(DERIVED_FILE_DIR)/Pods-Nospresso-NospressoUITests-checkManifestLockResult.txt",
			);
			runOnlyForDeploymentPostprocessing = 0;
			shellPath = /bin/sh;
			shellScript = "diff \"${PODS_PODFILE_DIR_PATH}/Podfile.lock\" \"${PODS_ROOT}/Manifest.lock\" > /dev/null\nif [ $? != 0 ] ; then\n    # print error to STDERR\n    echo \"error: The sandbox is not in sync with the Podfile.lock. Run 'pod install' or update your CocoaPods installation.\" >&2\n    exit 1\nfi\n# This output is used by Xcode 'outputs' to avoid re-running this script phase.\necho \"SUCCESS\" > \"${SCRIPT_OUTPUT_FILE_0}\"\n";
			showEnvVarsInLog = 0;
		};
		F14C8B42253B2751001255AE /* R.swift Run Swift */ = {
			isa = PBXShellScriptBuildPhase;
			buildActionMask = 2147483647;
			files = (
			);
			inputFileListPaths = (
			);
			inputPaths = (
				"$TEMP_DIR/rswift-lastrun",
			);
			name = "R.swift Run Swift";
			outputFileListPaths = (
			);
			outputPaths = (
				$SRCROOT/R.generated.swift,
			);
			runOnlyForDeploymentPostprocessing = 0;
			shellPath = /bin/sh;
			shellScript = "\"$PODS_ROOT/R.swift/rswift\" generate \"$SRCROOT/R.generated.swift\"\n";
		};
		F19B09EAE309997DF470940C /* [CP] Embed Pods Frameworks */ = {
			isa = PBXShellScriptBuildPhase;
			buildActionMask = 2147483647;
			files = (
			);
			inputFileListPaths = (
				"${PODS_ROOT}/Target Support Files/Pods-NospressoTests/Pods-NospressoTests-frameworks-${CONFIGURATION}-input-files.xcfilelist",
			);
			name = "[CP] Embed Pods Frameworks";
			outputFileListPaths = (
				"${PODS_ROOT}/Target Support Files/Pods-NospressoTests/Pods-NospressoTests-frameworks-${CONFIGURATION}-output-files.xcfilelist",
			);
			runOnlyForDeploymentPostprocessing = 0;
			shellPath = /bin/sh;
			shellScript = "\"${PODS_ROOT}/Target Support Files/Pods-NospressoTests/Pods-NospressoTests-frameworks.sh\"\n";
			showEnvVarsInLog = 0;
		};
/* End PBXShellScriptBuildPhase section */

/* Begin PBXSourcesBuildPhase section */
		F19D24A12536390300FA7B4F /* Sources */ = {
			isa = PBXSourcesBuildPhase;
			buildActionMask = 2147483647;
			files = (
				F1B8FF9225422E5000F31E48 /* MaquinasProtocolos.swift in Sources */,
				F1C232B22538F99100A3DD78 /* CafeTableViewCell.swift in Sources */,
				F19D24E32536593E00FA7B4F /* Endpoint.swift in Sources */,
				F1B8FF8425421BE000F31E48 /* MedidaView.swift in Sources */,
				F1475A22254466B500D85041 /* Favoritos.swift in Sources */,
				F14C8B4E253B3C2D001255AE /* UIImageView+CarregarImagem.swift in Sources */,
				F1B8FF9425422EB800F31E48 /* MaquinasPresenter.swift in Sources */,
				F14C8B46253B2F3C001255AE /* Pseudonimos.swift in Sources */,
				F12CF41B254794AF00CF1558 /* FavoritosViewController.swift in Sources */,
				F1B8FF8F25422B6C00F31E48 /* MaquinaCollectionViewCell.swift in Sources */,
				F14C8B44253B2E91001255AE /* R.generated.swift in Sources */,
				F18CB9D3253F877500CEDA4A /* DetalheCafePresenter.swift in Sources */,
				F1475A1F2544604C00D85041 /* CarregamentoViewType.swift in Sources */,
				F14C8B3E253B167E001255AE /* MenuProdutosViewController.swift in Sources */,
				F1475A242544695A00D85041 /* Favorito.swift in Sources */,
				F1C232B02538F3CB00A3DD78 /* CafesTableViewController.swift in Sources */,
				F1475A122544508300D85041 /* DetalheProdutoModalViewController.swift in Sources */,
				F1475A262544752400D85041 /* FavoritoTableViewCell.swift in Sources */,
				F19D24E12536591200FA7B4F /* Api.swift in Sources */,
				F18CB9D1253F811B00CEDA4A /* ContadorIntensidadeStackView.swift in Sources */,
				F19D24AD2536390300FA7B4F /* ViewController.swift in Sources */,
				F15BDD15253FA7A600127872 /* Double+Dinheiros.swift in Sources */,
				F14C8B4A253B30E6001255AE /* CategoriaDeCafeHeaderView.swift in Sources */,
				F1475A1C25445E4900D85041 /* CarregamentoViewController.swift in Sources */,
				F18CB9CE253F76B700CEDA4A /* DetalheCafeViewController.swift in Sources */,
				F14C8B41253B1E45001255AE /* UIViewController+Barbadas.swift in Sources */,
				F12D41C5254A256500F04BAB /* AcessorioTableViewCell.swift in Sources */,
				F19D24DA2536582600FA7B4F /* CategoriaCafe.swift in Sources */,
				F1B8FF8A2542271700F31E48 /* MaquinasViewController.swift in Sources */,
				F19D24E525365D1300FA7B4F /* Item.swift in Sources */,
				F1475A152544573500D85041 /* Produto.swift in Sources */,
				F19D24A92536390300FA7B4F /* AppDelegate.swift in Sources */,
				F19D24DC2536587B00FA7B4F /* Cafe.swift in Sources */,
				F121A60A254A1CEA007C2F4C /* AcessoriosTableViewController.swift in Sources */,
				F18CB9D5253F87F500CEDA4A /* DetalheCafe+Protocolo.swift in Sources */,
				F19D24AB2536390300FA7B4F /* SceneDelegate.swift in Sources */,
				F19D24E925365DAD00FA7B4F /* Maquina.swift in Sources */,
				F19D24E725365D6B00FA7B4F /* Acessorio.swift in Sources */,
			);
			runOnlyForDeploymentPostprocessing = 0;
		};
		F19D24B72536390500FA7B4F /* Sources */ = {
			isa = PBXSourcesBuildPhase;
			buildActionMask = 2147483647;
			files = (
				F19D24C02536390500FA7B4F /* NospressoTests.swift in Sources */,
			);
			runOnlyForDeploymentPostprocessing = 0;
		};
		F19D24C22536390500FA7B4F /* Sources */ = {
			isa = PBXSourcesBuildPhase;
			buildActionMask = 2147483647;
			files = (
				F19D24CB2536390500FA7B4F /* NospressoUITests.swift in Sources */,
			);
			runOnlyForDeploymentPostprocessing = 0;
		};
/* End PBXSourcesBuildPhase section */

/* Begin PBXTargetDependency section */
		F19D24BD2536390500FA7B4F /* PBXTargetDependency */ = {
			isa = PBXTargetDependency;
			target = F19D24A42536390300FA7B4F /* Nospresso */;
			targetProxy = F19D24BC2536390500FA7B4F /* PBXContainerItemProxy */;
		};
		F19D24C82536390500FA7B4F /* PBXTargetDependency */ = {
			isa = PBXTargetDependency;
			target = F19D24A42536390300FA7B4F /* Nospresso */;
			targetProxy = F19D24C72536390500FA7B4F /* PBXContainerItemProxy */;
		};
/* End PBXTargetDependency section */

/* Begin PBXVariantGroup section */
		F19D24AE2536390300FA7B4F /* Main.storyboard */ = {
			isa = PBXVariantGroup;
			children = (
				F19D24AF2536390300FA7B4F /* Base */,
			);
			name = Main.storyboard;
			sourceTree = "<group>";
		};
		F19D24B32536390500FA7B4F /* LaunchScreen.storyboard */ = {
			isa = PBXVariantGroup;
			children = (
				F19D24B42536390500FA7B4F /* Base */,
			);
			name = LaunchScreen.storyboard;
			sourceTree = "<group>";
		};
/* End PBXVariantGroup section */

/* Begin XCBuildConfiguration section */
		F19D24CD2536390500FA7B4F /* Debug */ = {
			isa = XCBuildConfiguration;
			buildSettings = {
				ALWAYS_SEARCH_USER_PATHS = NO;
				CLANG_ANALYZER_NONNULL = YES;
				CLANG_ANALYZER_NUMBER_OBJECT_CONVERSION = YES_AGGRESSIVE;
				CLANG_CXX_LANGUAGE_STANDARD = "gnu++14";
				CLANG_CXX_LIBRARY = "libc++";
				CLANG_ENABLE_MODULES = YES;
				CLANG_ENABLE_OBJC_ARC = YES;
				CLANG_ENABLE_OBJC_WEAK = YES;
				CLANG_WARN_BLOCK_CAPTURE_AUTORELEASING = YES;
				CLANG_WARN_BOOL_CONVERSION = YES;
				CLANG_WARN_COMMA = YES;
				CLANG_WARN_CONSTANT_CONVERSION = YES;
				CLANG_WARN_DEPRECATED_OBJC_IMPLEMENTATIONS = YES;
				CLANG_WARN_DIRECT_OBJC_ISA_USAGE = YES_ERROR;
				CLANG_WARN_DOCUMENTATION_COMMENTS = YES;
				CLANG_WARN_EMPTY_BODY = YES;
				CLANG_WARN_ENUM_CONVERSION = YES;
				CLANG_WARN_INFINITE_RECURSION = YES;
				CLANG_WARN_INT_CONVERSION = YES;
				CLANG_WARN_NON_LITERAL_NULL_CONVERSION = YES;
				CLANG_WARN_OBJC_IMPLICIT_RETAIN_SELF = YES;
				CLANG_WARN_OBJC_LITERAL_CONVERSION = YES;
				CLANG_WARN_OBJC_ROOT_CLASS = YES_ERROR;
				CLANG_WARN_QUOTED_INCLUDE_IN_FRAMEWORK_HEADER = YES;
				CLANG_WARN_RANGE_LOOP_ANALYSIS = YES;
				CLANG_WARN_STRICT_PROTOTYPES = YES;
				CLANG_WARN_SUSPICIOUS_MOVE = YES;
				CLANG_WARN_UNGUARDED_AVAILABILITY = YES_AGGRESSIVE;
				CLANG_WARN_UNREACHABLE_CODE = YES;
				CLANG_WARN__DUPLICATE_METHOD_MATCH = YES;
				COPY_PHASE_STRIP = NO;
				DEBUG_INFORMATION_FORMAT = dwarf;
				ENABLE_STRICT_OBJC_MSGSEND = YES;
				ENABLE_TESTABILITY = YES;
				GCC_C_LANGUAGE_STANDARD = gnu11;
				GCC_DYNAMIC_NO_PIC = NO;
				GCC_NO_COMMON_BLOCKS = YES;
				GCC_OPTIMIZATION_LEVEL = 0;
				GCC_PREPROCESSOR_DEFINITIONS = (
					"DEBUG=1",
					"$(inherited)",
				);
				GCC_WARN_64_TO_32_BIT_CONVERSION = YES;
				GCC_WARN_ABOUT_RETURN_TYPE = YES_ERROR;
				GCC_WARN_UNDECLARED_SELECTOR = YES;
				GCC_WARN_UNINITIALIZED_AUTOS = YES_AGGRESSIVE;
				GCC_WARN_UNUSED_FUNCTION = YES;
				GCC_WARN_UNUSED_VARIABLE = YES;
				IPHONEOS_DEPLOYMENT_TARGET = 14.0;
				MTL_ENABLE_DEBUG_INFO = INCLUDE_SOURCE;
				MTL_FAST_MATH = YES;
				ONLY_ACTIVE_ARCH = YES;
				SDKROOT = iphoneos;
				SWIFT_ACTIVE_COMPILATION_CONDITIONS = DEBUG;
				SWIFT_OPTIMIZATION_LEVEL = "-Onone";
			};
			name = Debug;
		};
		F19D24CE2536390500FA7B4F /* Release */ = {
			isa = XCBuildConfiguration;
			buildSettings = {
				ALWAYS_SEARCH_USER_PATHS = NO;
				CLANG_ANALYZER_NONNULL = YES;
				CLANG_ANALYZER_NUMBER_OBJECT_CONVERSION = YES_AGGRESSIVE;
				CLANG_CXX_LANGUAGE_STANDARD = "gnu++14";
				CLANG_CXX_LIBRARY = "libc++";
				CLANG_ENABLE_MODULES = YES;
				CLANG_ENABLE_OBJC_ARC = YES;
				CLANG_ENABLE_OBJC_WEAK = YES;
				CLANG_WARN_BLOCK_CAPTURE_AUTORELEASING = YES;
				CLANG_WARN_BOOL_CONVERSION = YES;
				CLANG_WARN_COMMA = YES;
				CLANG_WARN_CONSTANT_CONVERSION = YES;
				CLANG_WARN_DEPRECATED_OBJC_IMPLEMENTATIONS = YES;
				CLANG_WARN_DIRECT_OBJC_ISA_USAGE = YES_ERROR;
				CLANG_WARN_DOCUMENTATION_COMMENTS = YES;
				CLANG_WARN_EMPTY_BODY = YES;
				CLANG_WARN_ENUM_CONVERSION = YES;
				CLANG_WARN_INFINITE_RECURSION = YES;
				CLANG_WARN_INT_CONVERSION = YES;
				CLANG_WARN_NON_LITERAL_NULL_CONVERSION = YES;
				CLANG_WARN_OBJC_IMPLICIT_RETAIN_SELF = YES;
				CLANG_WARN_OBJC_LITERAL_CONVERSION = YES;
				CLANG_WARN_OBJC_ROOT_CLASS = YES_ERROR;
				CLANG_WARN_QUOTED_INCLUDE_IN_FRAMEWORK_HEADER = YES;
				CLANG_WARN_RANGE_LOOP_ANALYSIS = YES;
				CLANG_WARN_STRICT_PROTOTYPES = YES;
				CLANG_WARN_SUSPICIOUS_MOVE = YES;
				CLANG_WARN_UNGUARDED_AVAILABILITY = YES_AGGRESSIVE;
				CLANG_WARN_UNREACHABLE_CODE = YES;
				CLANG_WARN__DUPLICATE_METHOD_MATCH = YES;
				COPY_PHASE_STRIP = NO;
				DEBUG_INFORMATION_FORMAT = "dwarf-with-dsym";
				ENABLE_NS_ASSERTIONS = NO;
				ENABLE_STRICT_OBJC_MSGSEND = YES;
				GCC_C_LANGUAGE_STANDARD = gnu11;
				GCC_NO_COMMON_BLOCKS = YES;
				GCC_WARN_64_TO_32_BIT_CONVERSION = YES;
				GCC_WARN_ABOUT_RETURN_TYPE = YES_ERROR;
				GCC_WARN_UNDECLARED_SELECTOR = YES;
				GCC_WARN_UNINITIALIZED_AUTOS = YES_AGGRESSIVE;
				GCC_WARN_UNUSED_FUNCTION = YES;
				GCC_WARN_UNUSED_VARIABLE = YES;
				IPHONEOS_DEPLOYMENT_TARGET = 14.0;
				MTL_ENABLE_DEBUG_INFO = NO;
				MTL_FAST_MATH = YES;
				SDKROOT = iphoneos;
				SWIFT_COMPILATION_MODE = wholemodule;
				SWIFT_OPTIMIZATION_LEVEL = "-O";
				VALIDATE_PRODUCT = YES;
			};
			name = Release;
		};
		F19D24D02536390500FA7B4F /* Debug */ = {
			isa = XCBuildConfiguration;
			baseConfigurationReference = 066A8A4C591696698F14B3FA /* Pods-Nospresso.debug.xcconfig */;
			buildSettings = {
				ASSETCATALOG_COMPILER_APPICON_NAME = AppIcon;
				ASSETCATALOG_COMPILER_GLOBAL_ACCENT_COLOR_NAME = AccentColor;
				CODE_SIGN_STYLE = Automatic;
				DEVELOPMENT_TEAM = K9MC58R5UY;
				INFOPLIST_FILE = Nospresso/Info.plist;
				LD_RUNPATH_SEARCH_PATHS = (
					"$(inherited)",
					"@executable_path/Frameworks",
				);
				PRODUCT_BUNDLE_IDENTIFIER = br.com.cwi.treinamento.rhian.Nospresso;
				PRODUCT_NAME = "$(TARGET_NAME)";
				SWIFT_VERSION = 5.0;
				TARGETED_DEVICE_FAMILY = "1,2";
			};
			name = Debug;
		};
		F19D24D12536390500FA7B4F /* Release */ = {
			isa = XCBuildConfiguration;
			baseConfigurationReference = 02113981040D5B1E6FC87E72 /* Pods-Nospresso.release.xcconfig */;
			buildSettings = {
				ASSETCATALOG_COMPILER_APPICON_NAME = AppIcon;
				ASSETCATALOG_COMPILER_GLOBAL_ACCENT_COLOR_NAME = AccentColor;
				CODE_SIGN_STYLE = Automatic;
				DEVELOPMENT_TEAM = K9MC58R5UY;
				INFOPLIST_FILE = Nospresso/Info.plist;
				LD_RUNPATH_SEARCH_PATHS = (
					"$(inherited)",
					"@executable_path/Frameworks",
				);
				PRODUCT_BUNDLE_IDENTIFIER = br.com.cwi.treinamento.rhian.Nospresso;
				PRODUCT_NAME = "$(TARGET_NAME)";
				SWIFT_VERSION = 5.0;
				TARGETED_DEVICE_FAMILY = "1,2";
			};
			name = Release;
		};
		F19D24D32536390500FA7B4F /* Debug */ = {
			isa = XCBuildConfiguration;
			baseConfigurationReference = 8D97F081AABE3853B5C7A117 /* Pods-NospressoTests.debug.xcconfig */;
			buildSettings = {
				ALWAYS_EMBED_SWIFT_STANDARD_LIBRARIES = YES;
				BUNDLE_LOADER = "$(TEST_HOST)";
				CODE_SIGN_STYLE = Automatic;
				DEVELOPMENT_TEAM = K9MC58R5UY;
				INFOPLIST_FILE = NospressoTests/Info.plist;
				IPHONEOS_DEPLOYMENT_TARGET = 14.0;
				LD_RUNPATH_SEARCH_PATHS = (
					"$(inherited)",
					"@executable_path/Frameworks",
					"@loader_path/Frameworks",
				);
				PRODUCT_BUNDLE_IDENTIFIER = br.com.cwi.treinamento.rhian.NospressoTests;
				PRODUCT_NAME = "$(TARGET_NAME)";
				SWIFT_VERSION = 5.0;
				TARGETED_DEVICE_FAMILY = "1,2";
				TEST_HOST = "$(BUILT_PRODUCTS_DIR)/Nospresso.app/Nospresso";
			};
			name = Debug;
		};
		F19D24D42536390500FA7B4F /* Release */ = {
			isa = XCBuildConfiguration;
			baseConfigurationReference = AE49BDF439C89615CE562809 /* Pods-NospressoTests.release.xcconfig */;
			buildSettings = {
				ALWAYS_EMBED_SWIFT_STANDARD_LIBRARIES = YES;
				BUNDLE_LOADER = "$(TEST_HOST)";
				CODE_SIGN_STYLE = Automatic;
				DEVELOPMENT_TEAM = K9MC58R5UY;
				INFOPLIST_FILE = NospressoTests/Info.plist;
				IPHONEOS_DEPLOYMENT_TARGET = 14.0;
				LD_RUNPATH_SEARCH_PATHS = (
					"$(inherited)",
					"@executable_path/Frameworks",
					"@loader_path/Frameworks",
				);
				PRODUCT_BUNDLE_IDENTIFIER = br.com.cwi.treinamento.rhian.NospressoTests;
				PRODUCT_NAME = "$(TARGET_NAME)";
				SWIFT_VERSION = 5.0;
				TARGETED_DEVICE_FAMILY = "1,2";
				TEST_HOST = "$(BUILT_PRODUCTS_DIR)/Nospresso.app/Nospresso";
			};
			name = Release;
		};
		F19D24D62536390500FA7B4F /* Debug */ = {
			isa = XCBuildConfiguration;
			baseConfigurationReference = E588FFE6B56AC8645B9B1EC1 /* Pods-Nospresso-NospressoUITests.debug.xcconfig */;
			buildSettings = {
				ALWAYS_EMBED_SWIFT_STANDARD_LIBRARIES = YES;
				CODE_SIGN_STYLE = Automatic;
				DEVELOPMENT_TEAM = K9MC58R5UY;
				INFOPLIST_FILE = NospressoUITests/Info.plist;
				LD_RUNPATH_SEARCH_PATHS = (
					"$(inherited)",
					"@executable_path/Frameworks",
					"@loader_path/Frameworks",
				);
				PRODUCT_BUNDLE_IDENTIFIER = br.com.cwi.treinamento.rhian.NospressoUITests;
				PRODUCT_NAME = "$(TARGET_NAME)";
				SWIFT_VERSION = 5.0;
				TARGETED_DEVICE_FAMILY = "1,2";
				TEST_TARGET_NAME = Nospresso;
			};
			name = Debug;
		};
		F19D24D72536390500FA7B4F /* Release */ = {
			isa = XCBuildConfiguration;
			baseConfigurationReference = DBDEF3F052D525E3384C7D59 /* Pods-Nospresso-NospressoUITests.release.xcconfig */;
			buildSettings = {
				ALWAYS_EMBED_SWIFT_STANDARD_LIBRARIES = YES;
				CODE_SIGN_STYLE = Automatic;
				DEVELOPMENT_TEAM = K9MC58R5UY;
				INFOPLIST_FILE = NospressoUITests/Info.plist;
				LD_RUNPATH_SEARCH_PATHS = (
					"$(inherited)",
					"@executable_path/Frameworks",
					"@loader_path/Frameworks",
				);
				PRODUCT_BUNDLE_IDENTIFIER = br.com.cwi.treinamento.rhian.NospressoUITests;
				PRODUCT_NAME = "$(TARGET_NAME)";
				SWIFT_VERSION = 5.0;
				TARGETED_DEVICE_FAMILY = "1,2";
				TEST_TARGET_NAME = Nospresso;
			};
			name = Release;
		};
/* End XCBuildConfiguration section */

/* Begin XCConfigurationList section */
		F19D24A02536390300FA7B4F /* Build configuration list for PBXProject "Nospresso" */ = {
			isa = XCConfigurationList;
			buildConfigurations = (
				F19D24CD2536390500FA7B4F /* Debug */,
				F19D24CE2536390500FA7B4F /* Release */,
			);
			defaultConfigurationIsVisible = 0;
			defaultConfigurationName = Release;
		};
		F19D24CF2536390500FA7B4F /* Build configuration list for PBXNativeTarget "Nospresso" */ = {
			isa = XCConfigurationList;
			buildConfigurations = (
				F19D24D02536390500FA7B4F /* Debug */,
				F19D24D12536390500FA7B4F /* Release */,
			);
			defaultConfigurationIsVisible = 0;
			defaultConfigurationName = Release;
		};
		F19D24D22536390500FA7B4F /* Build configuration list for PBXNativeTarget "NospressoTests" */ = {
			isa = XCConfigurationList;
			buildConfigurations = (
				F19D24D32536390500FA7B4F /* Debug */,
				F19D24D42536390500FA7B4F /* Release */,
			);
			defaultConfigurationIsVisible = 0;
			defaultConfigurationName = Release;
		};
		F19D24D52536390500FA7B4F /* Build configuration list for PBXNativeTarget "NospressoUITests" */ = {
			isa = XCConfigurationList;
			buildConfigurations = (
				F19D24D62536390500FA7B4F /* Debug */,
				F19D24D72536390500FA7B4F /* Release */,
			);
			defaultConfigurationIsVisible = 0;
			defaultConfigurationName = Release;
		};
/* End XCConfigurationList section */
	};
	rootObject = F19D249D2536390300FA7B4F /* Project object */;
}
